// !$*UTF8*$!
{
	archiveVersion = 1;
	classes = {
	};
	objectVersion = 56;
	objects = {

/* Begin PBXBuildFile section */
		FA353BAC2A3289090067C17F /* testingAppApp.swift in Sources */ = {isa = PBXBuildFile; fileRef = FA353BAB2A3289090067C17F /* testingAppApp.swift */; };
		FA353BAE2A3289090067C17F /* ContentView.swift in Sources */ = {isa = PBXBuildFile; fileRef = FA353BAD2A3289090067C17F /* ContentView.swift */; };
		FA353BB02A32890B0067C17F /* Assets.xcassets in Resources */ = {isa = PBXBuildFile; fileRef = FA353BAF2A32890B0067C17F /* Assets.xcassets */; };
		FA353BB32A32890B0067C17F /* Preview Assets.xcassets in Resources */ = {isa = PBXBuildFile; fileRef = FA353BB22A32890B0067C17F /* Preview Assets.xcassets */; };
		FA353BBB2A328A7F0067C17F /* ResponseMortyModel.swift in Sources */ = {isa = PBXBuildFile; fileRef = FA353BBA2A328A7F0067C17F /* ResponseMortyModel.swift */; };
		FA353BBE2A328AF10067C17F /* MortyViewModel.swift in Sources */ = {isa = PBXBuildFile; fileRef = FA353BBD2A328AF10067C17F /* MortyViewModel.swift */; };
		FADC6A602A33202300239524 /* UIStyles.swift in Sources */ = {isa = PBXBuildFile; fileRef = FADC6A5F2A33202300239524 /* UIStyles.swift */; };
/* End PBXBuildFile section */

/* Begin PBXFileReference section */
		FA353BA82A3289090067C17F /* testingApp.app */ = {isa = PBXFileReference; explicitFileType = wrapper.application; includeInIndex = 0; path = testingApp.app; sourceTree = BUILT_PRODUCTS_DIR; };
		FA353BAB2A3289090067C17F /* testingAppApp.swift */ = {isa = PBXFileReference; lastKnownFileType = sourcecode.swift; path = testingAppApp.swift; sourceTree = "<group>"; };
		FA353BAD2A3289090067C17F /* ContentView.swift */ = {isa = PBXFileReference; lastKnownFileType = sourcecode.swift; path = ContentView.swift; sourceTree = "<group>"; };
		FA353BAF2A32890B0067C17F /* Assets.xcassets */ = {isa = PBXFileReference; lastKnownFileType = folder.assetcatalog; path = Assets.xcassets; sourceTree = "<group>"; };
		FA353BB22A32890B0067C17F /* Preview Assets.xcassets */ = {isa = PBXFileReference; lastKnownFileType = folder.assetcatalog; path = "Preview Assets.xcassets"; sourceTree = "<group>"; };
		FA353BBA2A328A7F0067C17F /* ResponseMortyModel.swift */ = {isa = PBXFileReference; lastKnownFileType = sourcecode.swift; path = ResponseMortyModel.swift; sourceTree = "<group>"; };
		FA353BBD2A328AF10067C17F /* MortyViewModel.swift */ = {isa = PBXFileReference; lastKnownFileType = sourcecode.swift; path = MortyViewModel.swift; sourceTree = "<group>"; };
		FADC6A5F2A33202300239524 /* UIStyles.swift */ = {isa = PBXFileReference; lastKnownFileType = sourcecode.swift; path = UIStyles.swift; sourceTree = "<group>"; };
/* End PBXFileReference section */

/* Begin PBXFrameworksBuildPhase section */
		FA353BA52A3289090067C17F /* Frameworks */ = {
			isa = PBXFrameworksBuildPhase;
			buildActionMask = 2147483647;
			files = (
			);
			runOnlyForDeploymentPostprocessing = 0;
		};
/* End PBXFrameworksBuildPhase section */

/* Begin PBXGroup section */
		FA353B9F2A3289090067C17F = {
			isa = PBXGroup;
			children = (
				FA353BAA2A3289090067C17F /* testingApp */,
				FA353BA92A3289090067C17F /* Products */,
			);
			sourceTree = "<group>";
		};
		FA353BA92A3289090067C17F /* Products */ = {
			isa = PBXGroup;
			children = (
				FA353BA82A3289090067C17F /* testingApp.app */,
			);
			name = Products;
			sourceTree = "<group>";
		};
		FA353BAA2A3289090067C17F /* testingApp */ = {
			isa = PBXGroup;
			children = (
				FADC6A5E2A33200E00239524 /* Styles */,
				FA353BBC2A328ACA0067C17F /* ViewModel */,
				FA353BB92A328A630067C17F /* Model */,
				FA353BAB2A3289090067C17F /* testingAppApp.swift */,
				FA353BAD2A3289090067C17F /* ContentView.swift */,
				FA353BAF2A32890B0067C17F /* Assets.xcassets */,
				FA353BB12A32890B0067C17F /* Preview Content */,
			);
			path = testingApp;
			sourceTree = "<group>";
		};
		FA353BB12A32890B0067C17F /* Preview Content */ = {
			isa = PBXGroup;
			children = (
				FA353BB22A32890B0067C17F /* Preview Assets.xcassets */,
			);
			path = "Preview Content";
			sourceTree = "<group>";
		};
		FA353BB92A328A630067C17F /* Model */ = {
			isa = PBXGroup;
			children = (
				FA353BBA2A328A7F0067C17F /* ResponseMortyModel.swift */,
			);
			path = Model;
			sourceTree = "<group>";
		};
		FA353BBC2A328ACA0067C17F /* ViewModel */ = {
			isa = PBXGroup;
			children = (
				FA353BBD2A328AF10067C17F /* MortyViewModel.swift */,
			);
			path = ViewModel;
			sourceTree = "<group>";
		};
		FADC6A5E2A33200E00239524 /* Styles */ = {
			isa = PBXGroup;
			children = (
				FADC6A5F2A33202300239524 /* UIStyles.swift */,
			);
			path = Styles;
			sourceTree = "<group>";
		};
/* End PBXGroup section */

/* Begin PBXNativeTarget section */
		FA353BA72A3289090067C17F /* testingApp */ = {
			isa = PBXNativeTarget;
			buildConfigurationList = FA353BB62A32890B0067C17F /* Build configuration list for PBXNativeTarget "testingApp" */;
			buildPhases = (
				FA353BA42A3289090067C17F /* Sources */,
				FA353BA52A3289090067C17F /* Frameworks */,
				FA353BA62A3289090067C17F /* Resources */,
			);
			buildRules = (
			);
			dependencies = (
			);
			name = testingApp;
			productName = testingApp;
			productReference = FA353BA82A3289090067C17F /* testingApp.app */;
			productType = "com.apple.product-type.application";
		};
/* End PBXNativeTarget section */

/* Begin PBXProject section */
		FA353BA02A3289090067C17F /* Project object */ = {
			isa = PBXProject;
			attributes = {
				BuildIndependentTargetsInParallel = 1;
				LastSwiftUpdateCheck = 1400;
				LastUpgradeCheck = 1400;
				TargetAttributes = {
					FA353BA72A3289090067C17F = {
						CreatedOnToolsVersion = 14.0.1;
					};
				};
			};
			buildConfigurationList = FA353BA32A3289090067C17F /* Build configuration list for PBXProject "testingApp" */;
			compatibilityVersion = "Xcode 14.0";
			developmentRegion = en;
			hasScannedForEncodings = 0;
			knownRegions = (
				en,
				Base,
			);
			mainGroup = FA353B9F2A3289090067C17F;
			productRefGroup = FA353BA92A3289090067C17F /* Products */;
			projectDirPath = "";
			projectRoot = "";
			targets = (
				FA353BA72A3289090067C17F /* testingApp */,
			);
		};
/* End PBXProject section */

/* Begin PBXResourcesBuildPhase section */
		FA353BA62A3289090067C17F /* Resources */ = {
			isa = PBXResourcesBuildPhase;
			buildActionMask = 2147483647;
			files = (
				FA353BB32A32890B0067C17F /* Preview Assets.xcassets in Resources */,
				FA353BB02A32890B0067C17F /* Assets.xcassets in Resources */,
			);
			runOnlyForDeploymentPostprocessing = 0;
		};
/* End PBXResourcesBuildPhase section */

/* Begin PBXSourcesBuildPhase section */
		FA353BA42A3289090067C17F /* Sources */ = {
			isa = PBXSourcesBuildPhase;
			buildActionMask = 2147483647;
			files = (
				FADC6A602A33202300239524 /* UIStyles.swift in Sources */,
				FA353BBB2A328A7F0067C17F /* ResponseMortyModel.swift in Sources */,
				FA353BAE2A3289090067C17F /* ContentView.swift in Sources */,
				FA353BBE2A328AF10067C17F /* MortyViewModel.swift in Sources */,
				FA353BAC2A3289090067C17F /* testingAppApp.swift in Sources */,
			);
			runOnlyForDeploymentPostprocessing = 0;
		};
/* End PBXSourcesBuildPhase section */

/* Begin XCBuildConfiguration section */
		FA353BB42A32890B0067C17F /* Debug */ = {
			isa = XCBuildConfiguration;
			buildSettings = {
				ALWAYS_SEARCH_USER_PATHS = NO;
				CLANG_ANALYZER_NONNULL = YES;
				CLANG_ANALYZER_NUMBER_OBJECT_CONVERSION = YES_AGGRESSIVE;
				CLANG_CXX_LANGUAGE_STANDARD = "gnu++20";
				CLANG_ENABLE_MODULES = YES;
				CLANG_ENABLE_OBJC_ARC = YES;
				CLANG_ENABLE_OBJC_WEAK = YES;
				CLANG_WARN_BLOCK_CAPTURE_AUTORELEASING = YES;
				CLANG_WARN_BOOL_CONVERSION = YES;
				CLANG_WARN_COMMA = YES;
				CLANG_WARN_CONSTANT_CONVERSION = YES;
				CLANG_WARN_DEPRECATED_OBJC_IMPLEMENTATIONS = YES;
				CLANG_WARN_DIRECT_OBJC_ISA_USAGE = YES_ERROR;
				CLANG_WARN_DOCUMENTATION_COMMENTS = YES;
				CLANG_WARN_EMPTY_BODY = YES;
				CLANG_WARN_ENUM_CONVERSION = YES;
				CLANG_WARN_INFINITE_RECURSION = YES;
				CLANG_WARN_INT_CONVERSION = YES;
				CLANG_WARN_NON_LITERAL_NULL_CONVERSION = YES;
				CLANG_WARN_OBJC_IMPLICIT_RETAIN_SELF = YES;
				CLANG_WARN_OBJC_LITERAL_CONVERSION = YES;
				CLANG_WARN_OBJC_ROOT_CLASS = YES_ERROR;
				CLANG_WARN_QUOTED_INCLUDE_IN_FRAMEWORK_HEADER = YES;
				CLANG_WARN_RANGE_LOOP_ANALYSIS = YES;
				CLANG_WARN_STRICT_PROTOTYPES = YES;
				CLANG_WARN_SUSPICIOUS_MOVE = YES;
				CLANG_WARN_UNGUARDED_AVAILABILITY = YES_AGGRESSIVE;
				CLANG_WARN_UNREACHABLE_CODE = YES;
				CLANG_WARN__DUPLICATE_METHOD_MATCH = YES;
				COPY_PHASE_STRIP = NO;
				DEBUG_INFORMATION_FORMAT = dwarf;
				ENABLE_STRICT_OBJC_MSGSEND = YES;
				ENABLE_TESTABILITY = YES;
				GCC_C_LANGUAGE_STANDARD = gnu11;
				GCC_DYNAMIC_NO_PIC = NO;
				GCC_NO_COMMON_BLOCKS = YES;
				GCC_OPTIMIZATION_LEVEL = 0;
				GCC_PREPROCESSOR_DEFINITIONS = (
					"DEBUG=1",
					"$(inherited)",
				);
				GCC_WARN_64_TO_32_BIT_CONVERSION = YES;
				GCC_WARN_ABOUT_RETURN_TYPE = YES_ERROR;
				GCC_WARN_UNDECLARED_SELECTOR = YES;
				GCC_WARN_UNINITIALIZED_AUTOS = YES_AGGRESSIVE;
				GCC_WARN_UNUSED_FUNCTION = YES;
				GCC_WARN_UNUSED_VARIABLE = YES;
				IPHONEOS_DEPLOYMENT_TARGET = 16.0;
				MTL_ENABLE_DEBUG_INFO = INCLUDE_SOURCE;
				MTL_FAST_MATH = YES;
				ONLY_ACTIVE_ARCH = YES;
				SDKROOT = iphoneos;
				SWIFT_ACTIVE_COMPILATION_CONDITIONS = DEBUG;
				SWIFT_OPTIMIZATION_LEVEL = "-Onone";
			};
			name = Debug;
		};
		FA353BB52A32890B0067C17F /* Release */ = {
			isa = XCBuildConfiguration;
			buildSettings = {
				ALWAYS_SEARCH_USER_PATHS = NO;
				CLANG_ANALYZER_NONNULL = YES;
				CLANG_ANALYZER_NUMBER_OBJECT_CONVERSION = YES_AGGRESSIVE;
				CLANG_CXX_LANGUAGE_STANDARD = "gnu++20";
				CLANG_ENABLE_MODULES = YES;
				CLANG_ENABLE_OBJC_ARC = YES;
				CLANG_ENABLE_OBJC_WEAK = YES;
				CLANG_WARN_BLOCK_CAPTURE_AUTORELEASING = YES;
				CLANG_WARN_BOOL_CONVERSION = YES;
				CLANG_WARN_COMMA = YES;
				CLANG_WARN_CONSTANT_CONVERSION = YES;
				CLANG_WARN_DEPRECATED_OBJC_IMPLEMENTATIONS = YES;
				CLANG_WARN_DIRECT_OBJC_ISA_USAGE = YES_ERROR;
				CLANG_WARN_DOCUMENTATION_COMMENTS = YES;
				CLANG_WARN_EMPTY_BODY = YES;
				CLANG_WARN_ENUM_CONVERSION = YES;
				CLANG_WARN_INFINITE_RECURSION = YES;
				CLANG_WARN_INT_CONVERSION = YES;
				CLANG_WARN_NON_LITERAL_NULL_CONVERSION = YES;
				CLANG_WARN_OBJC_IMPLICIT_RETAIN_SELF = YES;
				CLANG_WARN_OBJC_LITERAL_CONVERSION = YES;
				CLANG_WARN_OBJC_ROOT_CLASS = YES_ERROR;
				CLANG_WARN_QUOTED_INCLUDE_IN_FRAMEWORK_HEADER = YES;
				CLANG_WARN_RANGE_LOOP_ANALYSIS = YES;
				CLANG_WARN_STRICT_PROTOTYPES = YES;
				CLANG_WARN_SUSPICIOUS_MOVE = YES;
				CLANG_WARN_UNGUARDED_AVAILABILITY = YES_AGGRESSIVE;
				CLANG_WARN_UNREACHABLE_CODE = YES;
				CLANG_WARN__DUPLICATE_METHOD_MATCH = YES;
				COPY_PHASE_STRIP = NO;
				DEBUG_INFORMATION_FORMAT = "dwarf-with-dsym";
				ENABLE_NS_ASSERTIONS = NO;
				ENABLE_STRICT_OBJC_MSGSEND = YES;
				GCC_C_LANGUAGE_STANDARD = gnu11;
				GCC_NO_COMMON_BLOCKS = YES;
				GCC_WARN_64_TO_32_BIT_CONVERSION = YES;
				GCC_WARN_ABOUT_RETURN_TYPE = YES_ERROR;
				GCC_WARN_UNDECLARED_SELECTOR = YES;
				GCC_WARN_UNINITIALIZED_AUTOS = YES_AGGRESSIVE;
				GCC_WARN_UNUSED_FUNCTION = YES;
				GCC_WARN_UNUSED_VARIABLE = YES;
				IPHONEOS_DEPLOYMENT_TARGET = 16.0;
				MTL_ENABLE_DEBUG_INFO = NO;
				MTL_FAST_MATH = YES;
				SDKROOT = iphoneos;
				SWIFT_COMPILATION_MODE = wholemodule;
				SWIFT_OPTIMIZATION_LEVEL = "-O";
				VALIDATE_PRODUCT = YES;
			};
			name = Release;
		};
		FA353BB72A32890B0067C17F /* Debug */ = {
			isa = XCBuildConfiguration;
			buildSettings = {
				ASSETCATALOG_COMPILER_APPICON_NAME = AppIcon;
				ASSETCATALOG_COMPILER_GLOBAL_ACCENT_COLOR_NAME = AccentColor;
				CODE_SIGN_STYLE = Automatic;
				CURRENT_PROJECT_VERSION = 1;
				DEVELOPMENT_ASSET_PATHS = "\"testingApp/Preview Content\"";
				DEVELOPMENT_TEAM = PF8YS6L6J2;
				ENABLE_PREVIEWS = YES;
				GENERATE_INFOPLIST_FILE = YES;
				INFOPLIST_KEY_CFBundleDisplayName = "Rick&Morty Search";
				INFOPLIST_KEY_LSApplicationCategoryType = "public.app-category.entertainment";
				INFOPLIST_KEY_UIApplicationSceneManifest_Generation = YES;
				INFOPLIST_KEY_UIApplicationSupportsIndirectInputEvents = YES;
				INFOPLIST_KEY_UILaunchScreen_Generation = YES;
				INFOPLIST_KEY_UISupportedInterfaceOrientations_iPad = "UIInterfaceOrientationPortrait UIInterfaceOrientationPortraitUpsideDown UIInterfaceOrientationLandscapeLeft UIInterfaceOrientationLandscapeRight";
				INFOPLIST_KEY_UISupportedInterfaceOrientations_iPhone = "UIInterfaceOrientationPortrait UIInterfaceOrientationLandscapeLeft UIInterfaceOrientationLandscapeRight";
				IPHONEOS_DEPLOYMENT_TARGET = 15.0;
				LD_RUNPATH_SEARCH_PATHS = (
					"$(inherited)",
					"@executable_path/Frameworks",
				);
				MARKETING_VERSION = 1.0;
				PRODUCT_BUNDLE_IDENTIFIER = dev.magdiel.home.testingApp;
				PRODUCT_NAME = "$(TARGET_NAME)";
				SUPPORTED_PLATFORMS = "iphoneos iphonesimulator";
				SUPPORTS_MACCATALYST = NO;
				SUPPORTS_MAC_DESIGNED_FOR_IPHONE_IPAD = NO;
				SWIFT_EMIT_LOC_STRINGS = YES;
				SWIFT_VERSION = 5.0;
				TARGETED_DEVICE_FAMILY = "1,2";
			};
			name = Debug;
		};
		FA353BB82A32890B0067C17F /* Release */ = {
			isa = XCBuildConfiguration;
			buildSettings = {
				ASSETCATALOG_COMPILER_APPICON_NAME = AppIcon;
				ASSETCATALOG_COMPILER_GLOBAL_ACCENT_COLOR_NAME = AccentColor;
				CODE_SIGN_STYLE = Automatic;
				CURRENT_PROJECT_VERSION = 1;
				DEVELOPMENT_ASSET_PATHS = "\"testingApp/Preview Content\"";
				DEVELOPMENT_TEAM = PF8YS6L6J2;
				ENABLE_PREVIEWS = YES;
				GENERATE_INFOPLIST_FILE = YES;
				INFOPLIST_KEY_CFBundleDisplayName = "Rick&Morty Search";
				INFOPLIST_KEY_LSApplicationCategoryType = "public.app-category.entertainment";
				INFOPLIST_KEY_UIApplicationSceneManifest_Generation = YES;
				INFOPLIST_KEY_UIApplicationSupportsIndirectInputEvents = YES;
				INFOPLIST_KEY_UILaunchScreen_Generation = YES;
				INFOPLIST_KEY_UISupportedInterfaceOrientations_iPad = "UIInterfaceOrientationPortrait UIInterfaceOrientationPortraitUpsideDown UIInterfaceOrientationLandscapeLeft UIInterfaceOrientationLandscapeRight";
				INFOPLIST_KEY_UISupportedInterfaceOrientations_iPhone = "UIInterfaceOrientationPortrait UIInterfaceOrientationLandscapeLeft UIInterfaceOrientationLandscapeRight";
				IPHONEOS_DEPLOYMENT_TARGET = 15.0;
				LD_RUNPATH_SEARCH_PATHS = (
					"$(inherited)",
					"@executable_path/Frameworks",
				);
				MARKETING_VERSION = 1.0;
				PRODUCT_BUNDLE_IDENTIFIER = dev.magdiel.home.testingApp;
				PRODUCT_NAME = "$(TARGET_NAME)";
				SUPPORTED_PLATFORMS = "iphoneos iphonesimulator";
				SUPPORTS_MACCATALYST = NO;
				SUPPORTS_MAC_DESIGNED_FOR_IPHONE_IPAD = NO;
				SWIFT_EMIT_LOC_STRINGS = YES;
				SWIFT_VERSION = 5.0;
				TARGETED_DEVICE_FAMILY = "1,2";
			};
			name = Release;
		};
/* End XCBuildConfiguration section */

/* Begin XCConfigurationList section */
		FA353BA32A3289090067C17F /* Build configuration list for PBXProject "testingApp" */ = {
			isa = XCConfigurationList;
			buildConfigurations = (
				FA353BB42A32890B0067C17F /* Debug */,
				FA353BB52A32890B0067C17F /* Release */,
			);
			defaultConfigurationIsVisible = 0;
			defaultConfigurationName = Release;
		};
		FA353BB62A32890B0067C17F /* Build configuration list for PBXNativeTarget "testingApp" */ = {
			isa = XCConfigurationList;
			buildConfigurations = (
				FA353BB72A32890B0067C17F /* Debug */,
				FA353BB82A32890B0067C17F /* Release */,
			);
			defaultConfigurationIsVisible = 0;
			defaultConfigurationName = Release;
		};
/* End XCConfigurationList section */
	};
	rootObject = FA353BA02A3289090067C17F /* Project object */;
}
